
Microsoft Visual Studio Solution File, Format Version 12.00
# Visual Studio 15
Project("{FAE04EC0-301F-11D3-BF4B-00C04F79EFBC}") = "sistema_cliente", "sistema_cliente\sistema_cliente.csproj", "{C80D4B6E-1005-4561-AC8A-167728012A9E}"
EndProject
Global
	GlobalSection(SolutionConfigurationPlatforms) = preSolution
		Debug|Any CPU = Debug|Any CPU
		Release|Any CPU = Release|Any CPU
	EndGlobalSection
	GlobalSection(ProjectConfigurationPlatforms) = postSolution
		{C80D4B6E-1005-4561-AC8A-167728012A9E}.Debug|Any CPU.ActiveCfg = Debug|Any CPU
		{C80D4B6E-1005-4561-AC8A-167728012A9E}.Debug|Any CPU.Build.0 = Debug|Any CPU
		{C80D4B6E-1005-4561-AC8A-167728012A9E}.Release|Any CPU.ActiveCfg = Release|Any CPU
		{C80D4B6E-1005-4561-AC8A-167728012A9E}.Release|Any CPU.Build.0 = Release|Any CPU
	EndGlobalSection
EndGlobal
